// !$*UTF8*$!
{
	archiveVersion = 1;
	classes = {
	};
	objectVersion = 77;
	objects = {

/* Begin PBXBuildFile section */
		013F8BF005C549927D27074A /* IOKit.framework in Frameworks */ = {isa = PBXBuildFile; fileRef = 92178FA47944BE29802F37D2 /* IOKit.framework */; };
		0AC2C1A0CAB31FFACBABF887 /* CoreFoundation.framework in Frameworks */ = {isa = PBXBuildFile; fileRef = 3C77C51CD94D267EB47FAEC3 /* CoreFoundation.framework */; };
		167FA5AEA68A70B7012C1F09 /* ThermalServiceClient.swift in Sources */ = {isa = PBXBuildFile; fileRef = 5CC04987C9253E373AEB6A88 /* ThermalServiceClient.swift */; };
		2256236FC857C9E6A16A93CB /* libMacFanCore.a in Frameworks */ = {isa = PBXBuildFile; fileRef = B85A74DBE1BBEC396529AC75 /* libMacFanCore.a */; };
		3DFD2E9356DDE4636C99B65D /* ThermalServiceProtocol.swift in Sources */ = {isa = PBXBuildFile; fileRef = 85D9DA37CDAFF86FB66090BA /* ThermalServiceProtocol.swift */; };
		3E87B43B55D619AFA285D775 /* ThermalController.swift in Sources */ = {isa = PBXBuildFile; fileRef = 7FAC3626A794698147257379 /* ThermalController.swift */; };
		548CCE4DBE6C54F5CA524871 /* CSMC.c in Sources */ = {isa = PBXBuildFile; fileRef = 08E3D56FAF54330768BA43AA /* CSMC.c */; };
		6B3F367E1C12E35CDDB57B0E /* module.modulemap in CopyFiles */ = {isa = PBXBuildFile; fileRef = D0AE7F3614499B0FB405F229 /* module.modulemap */; };
		731AF1C1B3C320AEAE4350D2 /* libMacFanCore.a in Frameworks */ = {isa = PBXBuildFile; fileRef = B85A74DBE1BBEC396529AC75 /* libMacFanCore.a */; };
		78FA1639BC83763F8C4EAC79 /* SMCClient.swift in Sources */ = {isa = PBXBuildFile; fileRef = 64FD0D3FDEAED0A0E1A7C25C /* SMCClient.swift */; };
		90AADA7C86556DC5ED2A47E4 /* ClientVerifier.swift in Sources */ = {isa = PBXBuildFile; fileRef = 41DE692C54BE0C1914CC60ED /* ClientVerifier.swift */; };
		9566A95A2AFAD5276DA161C9 /* MacFanApp.swift in Sources */ = {isa = PBXBuildFile; fileRef = F3522396AF04BEBFED9A9F47 /* MacFanApp.swift */; };
		972807EE06D3F9689A3E0DB9 /* main.swift in Sources */ = {isa = PBXBuildFile; fileRef = 35D0B41E33A23BBB7A55E92D /* main.swift */; };
		9A44DAE5A50AB341F9CB9793 /* Security.framework in Frameworks */ = {isa = PBXBuildFile; fileRef = 1BFB52D41456190B5F1C2EA4 /* Security.framework */; };
		A2BDF00C606CB25282C5A8A6 /* CSMC.h in CopyFiles */ = {isa = PBXBuildFile; fileRef = 1F2C6FBE47B885468CD67154 /* CSMC.h */; };
		AD8760C3A4F296288F369DC0 /* ServiceManagement.framework in Frameworks */ = {isa = PBXBuildFile; fileRef = 491279FB52C9F46E85323B4A /* ServiceManagement.framework */; };
		ADD4832459807B3CCAA3706F /* FanCurve.swift in Sources */ = {isa = PBXBuildFile; fileRef = 13C558551444005E65E2EE4A /* FanCurve.swift */; };
		D8F23F5BB5584B32608C06AE /* AppModel.swift in Sources */ = {isa = PBXBuildFile; fileRef = EBB984B270F68F2CD03F1C9D /* AppModel.swift */; };
		DFCA322220B36EB62FB39F64 /* DashboardView.swift in Sources */ = {isa = PBXBuildFile; fileRef = CD80D3C7DC1689495FA5DA97 /* DashboardView.swift */; };
		EA9CCC9F4E3E5A3AC1905F5D /* Models.swift in Sources */ = {isa = PBXBuildFile; fileRef = 82468267092AF7B5B05786C7 /* Models.swift */; };
/* End PBXBuildFile section */

/* Begin PBXContainerItemProxy section */
		2356EBD473F7B597F6D7AF23 /* PBXContainerItemProxy */ = {
			isa = PBXContainerItemProxy;
			containerPortal = 5654300092F2A4CEA5D148E7 /* Project object */;
			proxyType = 1;
			remoteGlobalIDString = 170C8B6E3E5449B02CBF510B;
			remoteInfo = MacFanHelper;
		};
		34CD5134A78AA25372466ED4 /* PBXContainerItemProxy */ = {
			isa = PBXContainerItemProxy;
			containerPortal = 5654300092F2A4CEA5D148E7 /* Project object */;
			proxyType = 1;
			remoteGlobalIDString = BBFB496950E330EF83E32C86;
			remoteInfo = MacFanCore;
		};
		48975A357EB57A7FA26A4821 /* PBXContainerItemProxy */ = {
			isa = PBXContainerItemProxy;
			containerPortal = 5654300092F2A4CEA5D148E7 /* Project object */;
			proxyType = 1;
			remoteGlobalIDString = BBFB496950E330EF83E32C86;
			remoteInfo = MacFanCore;
		};
		92C58B7A41C8D1344C29AE8D /* PBXContainerItemProxy */ = {
			isa = PBXContainerItemProxy;
			containerPortal = 5654300092F2A4CEA5D148E7 /* Project object */;
			proxyType = 1;
			remoteGlobalIDString = C7F88370B658527971FF5C64;
			remoteInfo = CSMC;
		};
/* End PBXContainerItemProxy section */

/* Begin PBXCopyFilesBuildPhase section */
		AA67018CE3CD9505C14F36F5 /* CopyFiles */ = {
			isa = PBXCopyFilesBuildPhase;
			buildActionMask = 2147483647;
			dstPath = "include/$(PRODUCT_NAME)";
			dstSubfolderSpec = 16;
			files = (
				A2BDF00C606CB25282C5A8A6 /* CSMC.h in CopyFiles */,
				6B3F367E1C12E35CDDB57B0E /* module.modulemap in CopyFiles */,
			);
			runOnlyForDeploymentPostprocessing = 0;
		};
/* End PBXCopyFilesBuildPhase section */

/* Begin PBXFileReference section */
		08E3D56FAF54330768BA43AA /* CSMC.c */ = {isa = PBXFileReference; lastKnownFileType = sourcecode.c.c; path = CSMC.c; sourceTree = "<group>"; };
		13C558551444005E65E2EE4A /* FanCurve.swift */ = {isa = PBXFileReference; lastKnownFileType = sourcecode.swift; path = FanCurve.swift; sourceTree = "<group>"; };
		1BFB52D41456190B5F1C2EA4 /* Security.framework */ = {isa = PBXFileReference; lastKnownFileType = wrapper.framework; name = Security.framework; path = System/Library/Frameworks/Security.framework; sourceTree = SDKROOT; };
		1F2C6FBE47B885468CD67154 /* CSMC.h */ = {isa = PBXFileReference; lastKnownFileType = sourcecode.c.h; path = CSMC.h; sourceTree = "<group>"; };
		35D0B41E33A23BBB7A55E92D /* main.swift */ = {isa = PBXFileReference; lastKnownFileType = sourcecode.swift; path = main.swift; sourceTree = "<group>"; };
		3C77C51CD94D267EB47FAEC3 /* CoreFoundation.framework */ = {isa = PBXFileReference; lastKnownFileType = wrapper.framework; name = CoreFoundation.framework; path = System/Library/Frameworks/CoreFoundation.framework; sourceTree = SDKROOT; };
		41DE692C54BE0C1914CC60ED /* ClientVerifier.swift */ = {isa = PBXFileReference; lastKnownFileType = sourcecode.swift; path = ClientVerifier.swift; sourceTree = "<group>"; };
		491279FB52C9F46E85323B4A /* ServiceManagement.framework */ = {isa = PBXFileReference; lastKnownFileType = wrapper.framework; name = ServiceManagement.framework; path = System/Library/Frameworks/ServiceManagement.framework; sourceTree = SDKROOT; };
		5CC04987C9253E373AEB6A88 /* ThermalServiceClient.swift */ = {isa = PBXFileReference; lastKnownFileType = sourcecode.swift; path = ThermalServiceClient.swift; sourceTree = "<group>"; };
		64FD0D3FDEAED0A0E1A7C25C /* SMCClient.swift */ = {isa = PBXFileReference; lastKnownFileType = sourcecode.swift; path = SMCClient.swift; sourceTree = "<group>"; };
		7DA793D2D697484C8A410F6B /* MacFanHelper */ = {isa = PBXFileReference; includeInIndex = 0; path = MacFanHelper; sourceTree = BUILT_PRODUCTS_DIR; };
		7FAC3626A794698147257379 /* ThermalController.swift */ = {isa = PBXFileReference; lastKnownFileType = sourcecode.swift; path = ThermalController.swift; sourceTree = "<group>"; };
		82468267092AF7B5B05786C7 /* Models.swift */ = {isa = PBXFileReference; lastKnownFileType = sourcecode.swift; path = Models.swift; sourceTree = "<group>"; };
		85D9DA37CDAFF86FB66090BA /* ThermalServiceProtocol.swift */ = {isa = PBXFileReference; lastKnownFileType = sourcecode.swift; path = ThermalServiceProtocol.swift; sourceTree = "<group>"; };
		92178FA47944BE29802F37D2 /* IOKit.framework */ = {isa = PBXFileReference; lastKnownFileType = wrapper.framework; name = IOKit.framework; path = System/Library/Frameworks/IOKit.framework; sourceTree = SDKROOT; };
		B85A74DBE1BBEC396529AC75 /* libMacFanCore.a */ = {isa = PBXFileReference; explicitFileType = archive.ar; includeInIndex = 0; path = libMacFanCore.a; sourceTree = BUILT_PRODUCTS_DIR; };
		CD80D3C7DC1689495FA5DA97 /* DashboardView.swift */ = {isa = PBXFileReference; lastKnownFileType = sourcecode.swift; path = DashboardView.swift; sourceTree = "<group>"; };
		D0AE7F3614499B0FB405F229 /* module.modulemap */ = {isa = PBXFileReference; lastKnownFileType = "sourcecode.module-map"; path = module.modulemap; sourceTree = "<group>"; };
		E0FF5B4F50A19ADC4D81816B /* MacFan.app */ = {isa = PBXFileReference; explicitFileType = wrapper.application; includeInIndex = 0; path = MacFan.app; sourceTree = BUILT_PRODUCTS_DIR; };
		E773FE6E294CDC03001CA637 /* libCSMC.a */ = {isa = PBXFileReference; explicitFileType = archive.ar; includeInIndex = 0; path = libCSMC.a; sourceTree = BUILT_PRODUCTS_DIR; };
		EBB984B270F68F2CD03F1C9D /* AppModel.swift */ = {isa = PBXFileReference; lastKnownFileType = sourcecode.swift; path = AppModel.swift; sourceTree = "<group>"; };
		F3522396AF04BEBFED9A9F47 /* MacFanApp.swift */ = {isa = PBXFileReference; lastKnownFileType = sourcecode.swift; path = MacFanApp.swift; sourceTree = "<group>"; };
/* End PBXFileReference section */

/* Begin PBXFrameworksBuildPhase section */
		06A1BAD30D2C3B6A3C60C3D5 /* Frameworks */ = {
			isa = PBXFrameworksBuildPhase;
			buildActionMask = 2147483647;
			files = (
				731AF1C1B3C320AEAE4350D2 /* libMacFanCore.a in Frameworks */,
				9A44DAE5A50AB341F9CB9793 /* Security.framework in Frameworks */,
			);
			runOnlyForDeploymentPostprocessing = 0;
		};
		3903ED7FAAF2657916323F84 /* Frameworks */ = {
			isa = PBXFrameworksBuildPhase;
			buildActionMask = 2147483647;
			files = (
				0AC2C1A0CAB31FFACBABF887 /* CoreFoundation.framework in Frameworks */,
				013F8BF005C549927D27074A /* IOKit.framework in Frameworks */,
			);
			runOnlyForDeploymentPostprocessing = 0;
		};
		5E03980485FE97718A0265DC /* Frameworks */ = {
			isa = PBXFrameworksBuildPhase;
			buildActionMask = 2147483647;
			files = (
				2256236FC857C9E6A16A93CB /* libMacFanCore.a in Frameworks */,
				AD8760C3A4F296288F369DC0 /* ServiceManagement.framework in Frameworks */,
			);
			runOnlyForDeploymentPostprocessing = 0;
		};
/* End PBXFrameworksBuildPhase section */

/* Begin PBXGroup section */
		41A11752A6A1FDF047761766 /* Sources */ = {
			isa = PBXGroup;
			children = (
				63271FDB71CA05B20DC73695 /* CSMC */,
				86BE2813CE81EFBD2FC485BE /* MacFanApp */,
				FAB128576E01C116ABEC9C4D /* MacFanCore */,
				CE8BBAFF911D08DDDDA7B499 /* MacFanHelper */,
			);
			path = Sources;
			sourceTree = "<group>";
		};
		4680604957C5D0EE60F9E025 /* Products */ = {
			isa = PBXGroup;
			children = (
				E773FE6E294CDC03001CA637 /* libCSMC.a */,
				B85A74DBE1BBEC396529AC75 /* libMacFanCore.a */,
				E0FF5B4F50A19ADC4D81816B /* MacFan.app */,
				7DA793D2D697484C8A410F6B /* MacFanHelper */,
			);
			name = Products;
			sourceTree = "<group>";
		};
		63271FDB71CA05B20DC73695 /* CSMC */ = {
			isa = PBXGroup;
			children = (
				08E3D56FAF54330768BA43AA /* CSMC.c */,
				9D83E8C3633916C7C88335EF /* include */,
			);
			path = CSMC;
			sourceTree = "<group>";
		};
		86BE2813CE81EFBD2FC485BE /* MacFanApp */ = {
			isa = PBXGroup;
			children = (
				EBB984B270F68F2CD03F1C9D /* AppModel.swift */,
				CD80D3C7DC1689495FA5DA97 /* DashboardView.swift */,
				F3522396AF04BEBFED9A9F47 /* MacFanApp.swift */,
				5CC04987C9253E373AEB6A88 /* ThermalServiceClient.swift */,
			);
			path = MacFanApp;
			sourceTree = "<group>";
		};
		9D83E8C3633916C7C88335EF /* include */ = {
			isa = PBXGroup;
			children = (
				1F2C6FBE47B885468CD67154 /* CSMC.h */,
				D0AE7F3614499B0FB405F229 /* module.modulemap */,
			);
			path = include;
			sourceTree = "<group>";
		};
		A1214995E7C0225D7634A867 /* Frameworks */ = {
			isa = PBXGroup;
			children = (
				3C77C51CD94D267EB47FAEC3 /* CoreFoundation.framework */,
				92178FA47944BE29802F37D2 /* IOKit.framework */,
				1BFB52D41456190B5F1C2EA4 /* Security.framework */,
				491279FB52C9F46E85323B4A /* ServiceManagement.framework */,
			);
			name = Frameworks;
			sourceTree = "<group>";
		};
		C7322574409BF2983DEBFFDF = {
			isa = PBXGroup;
			children = (
				41A11752A6A1FDF047761766 /* Sources */,
				A1214995E7C0225D7634A867 /* Frameworks */,
				4680604957C5D0EE60F9E025 /* Products */,
			);
			sourceTree = "<group>";
		};
		CE8BBAFF911D08DDDDA7B499 /* MacFanHelper */ = {
			isa = PBXGroup;
			children = (
				41DE692C54BE0C1914CC60ED /* ClientVerifier.swift */,
				35D0B41E33A23BBB7A55E92D /* main.swift */,
			);
			path = MacFanHelper;
			sourceTree = "<group>";
		};
		FAB128576E01C116ABEC9C4D /* MacFanCore */ = {
			isa = PBXGroup;
			children = (
				13C558551444005E65E2EE4A /* FanCurve.swift */,
				82468267092AF7B5B05786C7 /* Models.swift */,
				64FD0D3FDEAED0A0E1A7C25C /* SMCClient.swift */,
				7FAC3626A794698147257379 /* ThermalController.swift */,
				85D9DA37CDAFF86FB66090BA /* ThermalServiceProtocol.swift */,
			);
			path = MacFanCore;
			sourceTree = "<group>";
		};
/* End PBXGroup section */

/* Begin PBXNativeTarget section */
		170C8B6E3E5449B02CBF510B /* MacFanHelper */ = {
			isa = PBXNativeTarget;
			buildConfigurationList = 3486640F2B33B252E8D8E1D6 /* Build configuration list for PBXNativeTarget "MacFanHelper" */;
			buildPhases = (
				C9790FA7D7806260FC8CA260 /* Sources */,
				06A1BAD30D2C3B6A3C60C3D5 /* Frameworks */,
			);
			buildRules = (
			);
			dependencies = (
				D369E45E8645900C3BBAE77E /* PBXTargetDependency */,
			);
			name = MacFanHelper;
			packageProductDependencies = (
			);
			productName = MacFanHelper;
			productReference = 7DA793D2D697484C8A410F6B /* MacFanHelper */;
			productType = "com.apple.product-type.tool";
		};
		BBFB496950E330EF83E32C86 /* MacFanCore */ = {
			isa = PBXNativeTarget;
			buildConfigurationList = 7BA734E3AF4E9FCCB5D2F13E /* Build configuration list for PBXNativeTarget "MacFanCore" */;
			buildPhases = (
				7C59095FC50C364B6B9D01DB /* Sources */,
				6A264E251148066172C4519B /* Copy Swift Objective-C Interface Header */,
			);
			buildRules = (
			);
			dependencies = (
				59C9BFA34DB179BC2D5D590D /* PBXTargetDependency */,
			);
			name = MacFanCore;
			packageProductDependencies = (
			);
			productName = MacFanCore;
			productReference = B85A74DBE1BBEC396529AC75 /* libMacFanCore.a */;
			productType = "com.apple.product-type.library.static";
		};
		C7F88370B658527971FF5C64 /* CSMC */ = {
			isa = PBXNativeTarget;
			buildConfigurationList = E086B5D9C2BB1BC2DB5DACE5 /* Build configuration list for PBXNativeTarget "CSMC" */;
			buildPhases = (
				AA67018CE3CD9505C14F36F5 /* CopyFiles */,
				05BB6D9CAA6019E58863702D /* Sources */,
				3903ED7FAAF2657916323F84 /* Frameworks */,
			);
			buildRules = (
			);
			dependencies = (
			);
			name = CSMC;
			packageProductDependencies = (
			);
			productName = CSMC;
			productReference = E773FE6E294CDC03001CA637 /* libCSMC.a */;
			productType = "com.apple.product-type.library.static";
		};
		CCAE8925CB6FF377AFDB988B /* MacFan */ = {
			isa = PBXNativeTarget;
			buildConfigurationList = CB895E1DC5FC0F7AC4C01B81 /* Build configuration list for PBXNativeTarget "MacFan" */;
			buildPhases = (
				69E3BC5D1211A89EE9FDD233 /* Sources */,
				5E03980485FE97718A0265DC /* Frameworks */,
				30150A5962505A09C3C5C202 /* Embed privileged helper */,
			);
			buildRules = (
			);
			dependencies = (
				022682A54E8D4D5FCD525C17 /* PBXTargetDependency */,
				8132D4901BF340D258FBD63B /* PBXTargetDependency */,
			);
			name = MacFan;
			packageProductDependencies = (
			);
			productName = MacFan;
			productReference = E0FF5B4F50A19ADC4D81816B /* MacFan.app */;
			productType = "com.apple.product-type.application";
		};
/* End PBXNativeTarget section */

/* Begin PBXProject section */
		5654300092F2A4CEA5D148E7 /* Project object */ = {
			isa = PBXProject;
			attributes = {
				BuildIndependentTargetsInParallel = YES;
				LastUpgradeCheck = 1430;
				TargetAttributes = {
				};
			};
			buildConfigurationList = ED6DA94AB7896C5A232CDA2B /* Build configuration list for PBXProject "MacFan" */;
			developmentRegion = en;
			hasScannedForEncodings = 0;
			knownRegions = (
				Base,
				en,
			);
			mainGroup = C7322574409BF2983DEBFFDF;
			minimizedProjectReferenceProxies = 1;
			preferredProjectObjectVersion = 77;
			productRefGroup = 4680604957C5D0EE60F9E025 /* Products */;
			projectDirPath = "";
			projectRoot = "";
			targets = (
				C7F88370B658527971FF5C64 /* CSMC */,
				BBFB496950E330EF83E32C86 /* MacFanCore */,
				170C8B6E3E5449B02CBF510B /* MacFanHelper */,
				CCAE8925CB6FF377AFDB988B /* MacFan */,
			);
		};
/* End PBXProject section */

/* Begin PBXShellScriptBuildPhase section */
		30150A5962505A09C3C5C202 /* Embed privileged helper */ = {
			isa = PBXShellScriptBuildPhase;
			alwaysOutOfDate = 1;
			buildActionMask = 2147483647;
			files = (
			);
			inputFileListPaths = (
			);
			inputPaths = (
			);
			name = "Embed privileged helper";
			outputFileListPaths = (
			);
			outputPaths = (
				"$(TARGET_BUILD_DIR)/$(CONTENTS_FOLDER_PATH)/Library/LaunchServices/macfan-helper",
				"$(TARGET_BUILD_DIR)/$(CONTENTS_FOLDER_PATH)/Library/LaunchDaemons/com.evolte.MacFan.helper.plist",
			);
			runOnlyForDeploymentPostprocessing = 0;
			shellPath = /bin/sh;
			shellScript = "set -eu\nHELPER_DIR=\"${TARGET_BUILD_DIR}/${CONTENTS_FOLDER_PATH}/Library/LaunchServices\"\nPLIST_DIR=\"${TARGET_BUILD_DIR}/${CONTENTS_FOLDER_PATH}/Library/LaunchDaemons\"\nmkdir -p \"${HELPER_DIR}\" \"${PLIST_DIR}\"\nditto \"${BUILT_PRODUCTS_DIR}/macfan-helper\" \"${HELPER_DIR}/macfan-helper\"\nditto \"${SRCROOT}/Config/com.evolte.MacFan.helper.plist\" \"${PLIST_DIR}/com.evolte.MacFan.helper.plist\"\nSIGNING_IDENTITY=\"${EXPANDED_CODE_SIGN_IDENTITY:--}\"\ncodesign --force --sign \"${SIGNING_IDENTITY}\" --options runtime \"${HELPER_DIR}/macfan-helper\"\n";
		};
		6A264E251148066172C4519B /* Copy Swift Objective-C Interface Header */ = {
			isa = PBXShellScriptBuildPhase;
			buildActionMask = 2147483647;
			files = (
			);
			inputPaths = (
				"$(DERIVED_SOURCES_DIR)/$(SWIFT_OBJC_INTERFACE_HEADER_NAME)",
			);
			name = "Copy Swift Objective-C Interface Header";
			outputPaths = (
				"$(BUILT_PRODUCTS_DIR)/include/$(PRODUCT_MODULE_NAME)/$(SWIFT_OBJC_INTERFACE_HEADER_NAME)",
			);
			runOnlyForDeploymentPostprocessing = 0;
			shellPath = /bin/sh;
			shellScript = "ditto \"${SCRIPT_INPUT_FILE_0}\" \"${SCRIPT_OUTPUT_FILE_0}\"\n";
		};
/* End PBXShellScriptBuildPhase section */

/* Begin PBXSourcesBuildPhase section */
		05BB6D9CAA6019E58863702D /* Sources */ = {
			isa = PBXSourcesBuildPhase;
			buildActionMask = 2147483647;
			files = (
				548CCE4DBE6C54F5CA524871 /* CSMC.c in Sources */,
			);
			runOnlyForDeploymentPostprocessing = 0;
		};
		69E3BC5D1211A89EE9FDD233 /* Sources */ = {
			isa = PBXSourcesBuildPhase;
			buildActionMask = 2147483647;
			files = (
				D8F23F5BB5584B32608C06AE /* AppModel.swift in Sources */,
				DFCA322220B36EB62FB39F64 /* DashboardView.swift in Sources */,
				9566A95A2AFAD5276DA161C9 /* MacFanApp.swift in Sources */,
				167FA5AEA68A70B7012C1F09 /* ThermalServiceClient.swift in Sources */,
			);
			runOnlyForDeploymentPostprocessing = 0;
		};
		7C59095FC50C364B6B9D01DB /* Sources */ = {
			isa = PBXSourcesBuildPhase;
			buildActionMask = 2147483647;
			files = (
				ADD4832459807B3CCAA3706F /* FanCurve.swift in Sources */,
				EA9CCC9F4E3E5A3AC1905F5D /* Models.swift in Sources */,
				78FA1639BC83763F8C4EAC79 /* SMCClient.swift in Sources */,
				3E87B43B55D619AFA285D775 /* ThermalController.swift in Sources */,
				3DFD2E9356DDE4636C99B65D /* ThermalServiceProtocol.swift in Sources */,
			);
			runOnlyForDeploymentPostprocessing = 0;
		};
		C9790FA7D7806260FC8CA260 /* Sources */ = {
			isa = PBXSourcesBuildPhase;
			buildActionMask = 2147483647;
			files = (
				90AADA7C86556DC5ED2A47E4 /* ClientVerifier.swift in Sources */,
				972807EE06D3F9689A3E0DB9 /* main.swift in Sources */,
			);
			runOnlyForDeploymentPostprocessing = 0;
		};
/* End PBXSourcesBuildPhase section */

/* Begin PBXTargetDependency section */
		022682A54E8D4D5FCD525C17 /* PBXTargetDependency */ = {
			isa = PBXTargetDependency;
			target = BBFB496950E330EF83E32C86 /* MacFanCore */;
			targetProxy = 34CD5134A78AA25372466ED4 /* PBXContainerItemProxy */;
		};
		59C9BFA34DB179BC2D5D590D /* PBXTargetDependency */ = {
			isa = PBXTargetDependency;
			target = C7F88370B658527971FF5C64 /* CSMC */;
			targetProxy = 92C58B7A41C8D1344C29AE8D /* PBXContainerItemProxy */;
		};
		8132D4901BF340D258FBD63B /* PBXTargetDependency */ = {
			isa = PBXTargetDependency;
			target = 170C8B6E3E5449B02CBF510B /* MacFanHelper */;
			targetProxy = 2356EBD473F7B597F6D7AF23 /* PBXContainerItemProxy */;
		};
		D369E45E8645900C3BBAE77E /* PBXTargetDependency */ = {
			isa = PBXTargetDependency;
			target = BBFB496950E330EF83E32C86 /* MacFanCore */;
			targetProxy = 48975A357EB57A7FA26A4821 /* PBXContainerItemProxy */;
		};
/* End PBXTargetDependency section */

/* Begin XCBuildConfiguration section */
		044B361E9B50C7DEEC113A21 /* Release */ = {
			isa = XCBuildConfiguration;
			buildSettings = {
				COMBINE_HIDPI_IMAGES = YES;
				LD_RUNPATH_SEARCH_PATHS = (
					"$(inherited)",
					"@executable_path/../Frameworks",
				);
				OTHER_LDFLAGS = (
					"$(inherited)",
					"-ObjC",
				);
				PRODUCT_BUNDLE_IDENTIFIER = com.evolte.MacFan.helper;
				PRODUCT_NAME = "macfan-helper";
				SDKROOT = macosx;
			};
			name = Release;
		};
		1A476E173ECC320D7C464F6C /* Debug */ = {
			isa = XCBuildConfiguration;
			buildSettings = {
				COMBINE_HIDPI_IMAGES = YES;
				DEFINES_MODULE = YES;
				LD_RUNPATH_SEARCH_PATHS = (
					"$(inherited)",
					"@executable_path/../Frameworks",
				);
				PRODUCT_BUNDLE_IDENTIFIER = com.evolte.MacFanCore;
				SDKROOT = macosx;
				SKIP_INSTALL = YES;
			};
			name = Debug;
		};
		292A9FDE2C504A780B701055 /* Debug */ = {
			isa = XCBuildConfiguration;
			buildSettings = {
				COMBINE_HIDPI_IMAGES = YES;
				LD_RUNPATH_SEARCH_PATHS = (
					"$(inherited)",
					"@executable_path/../Frameworks",
				);
				OTHER_LDFLAGS = (
					"$(inherited)",
					"-ObjC",
				);
				PRODUCT_BUNDLE_IDENTIFIER = com.evolte.MacFan.helper;
				PRODUCT_NAME = "macfan-helper";
				SDKROOT = macosx;
			};
			name = Debug;
		};
		3B279D6C2B16A5577D65B775 /* Debug */ = {
			isa = XCBuildConfiguration;
			buildSettings = {
				ALWAYS_SEARCH_USER_PATHS = NO;
				ARCHS = arm64;
				CLANG_ANALYZER_NONNULL = YES;
				CLANG_ANALYZER_NUMBER_OBJECT_CONVERSION = YES_AGGRESSIVE;
				CLANG_CXX_LANGUAGE_STANDARD = "gnu++14";
				CLANG_CXX_LIBRARY = "libc++";
				CLANG_ENABLE_MODULES = YES;
				CLANG_ENABLE_OBJC_ARC = YES;
				CLANG_ENABLE_OBJC_WEAK = YES;
				CLANG_WARN_BLOCK_CAPTURE_AUTORELEASING = YES;
				CLANG_WARN_BOOL_CONVERSION = YES;
				CLANG_WARN_COMMA = YES;
				CLANG_WARN_CONSTANT_CONVERSION = YES;
				CLANG_WARN_DEPRECATED_OBJC_IMPLEMENTATIONS = YES;
				CLANG_WARN_DIRECT_OBJC_ISA_USAGE = YES_ERROR;
				CLANG_WARN_DOCUMENTATION_COMMENTS = YES;
				CLANG_WARN_EMPTY_BODY = YES;
				CLANG_WARN_ENUM_CONVERSION = YES;
				CLANG_WARN_INFINITE_RECURSION = YES;
				CLANG_WARN_INT_CONVERSION = YES;
				CLANG_WARN_NON_LITERAL_NULL_CONVERSION = YES;
				CLANG_WARN_OBJC_IMPLICIT_RETAIN_SELF = YES;
				CLANG_WARN_OBJC_LITERAL_CONVERSION = YES;
				CLANG_WARN_OBJC_ROOT_CLASS = YES_ERROR;
				CLANG_WARN_QUOTED_INCLUDE_IN_FRAMEWORK_HEADER = YES;
				CLANG_WARN_RANGE_LOOP_ANALYSIS = YES;
				CLANG_WARN_STRICT_PROTOTYPES = YES;
				CLANG_WARN_SUSPICIOUS_MOVE = YES;
				CLANG_WARN_UNGUARDED_AVAILABILITY = YES_AGGRESSIVE;
				CLANG_WARN_UNREACHABLE_CODE = YES;
				CLANG_WARN__DUPLICATE_METHOD_MATCH = YES;
				COPY_PHASE_STRIP = NO;
				DEAD_CODE_STRIPPING = YES;
				DEBUG_INFORMATION_FORMAT = dwarf;
				ENABLE_HARDENED_RUNTIME = YES;
				ENABLE_STRICT_OBJC_MSGSEND = YES;
				ENABLE_TESTABILITY = YES;
				GCC_C_LANGUAGE_STANDARD = gnu11;
				GCC_DYNAMIC_NO_PIC = NO;
				GCC_NO_COMMON_BLOCKS = YES;
				GCC_OPTIMIZATION_LEVEL = 0;
				GCC_PREPROCESSOR_DEFINITIONS = (
					"$(inherited)",
					"DEBUG=1",
				);
				GCC_WARN_64_TO_32_BIT_CONVERSION = YES;
				GCC_WARN_ABOUT_RETURN_TYPE = YES_ERROR;
				GCC_WARN_UNDECLARED_SELECTOR = YES;
				GCC_WARN_UNINITIALIZED_AUTOS = YES_AGGRESSIVE;
				GCC_WARN_UNUSED_FUNCTION = YES;
				GCC_WARN_UNUSED_VARIABLE = YES;
				MACOSX_DEPLOYMENT_TARGET = 13.0;
				MTL_ENABLE_DEBUG_INFO = INCLUDE_SOURCE;
				MTL_FAST_MATH = YES;
				ONLY_ACTIVE_ARCH = YES;
				PRODUCT_NAME = "$(TARGET_NAME)";
				SDKROOT = macosx;
				SWIFT_ACTIVE_COMPILATION_CONDITIONS = DEBUG;
				SWIFT_OPTIMIZATION_LEVEL = "-Onone";
				SWIFT_STRICT_CONCURRENCY = complete;
				SWIFT_VERSION = 6.0;
			};
			name = Debug;
		};
		641B451979523F5EB2AB83A8 /* Debug */ = {
			isa = XCBuildConfiguration;
			buildSettings = {
				ASSETCATALOG_COMPILER_APPICON_NAME = AppIcon;
				COMBINE_HIDPI_IMAGES = YES;
				INFOPLIST_FILE = "Config/App-Info.plist";
				LD_RUNPATH_SEARCH_PATHS = (
					"$(inherited)",
					"@executable_path/../Frameworks",
				);
				OTHER_LDFLAGS = (
					"$(inherited)",
					"-ObjC",
				);
				PRODUCT_BUNDLE_IDENTIFIER = com.evolte.MacFan;
				PRODUCT_NAME = MacFan;
				SDKROOT = macosx;
			};
			name = Debug;
		};
		8C7870CD83CC82599DAF0ACC /* Release */ = {
			isa = XCBuildConfiguration;
			buildSettings = {
				ASSETCATALOG_COMPILER_APPICON_NAME = AppIcon;
				COMBINE_HIDPI_IMAGES = YES;
				INFOPLIST_FILE = "Config/App-Info.plist";
				LD_RUNPATH_SEARCH_PATHS = (
					"$(inherited)",
					"@executable_path/../Frameworks",
				);
				OTHER_LDFLAGS = (
					"$(inherited)",
					"-ObjC",
				);
				PRODUCT_BUNDLE_IDENTIFIER = com.evolte.MacFan;
				PRODUCT_NAME = MacFan;
				SDKROOT = macosx;
			};
			name = Release;
		};
		9BFB2DCD8986EFEF1CFF00F6 /* Release */ = {
			isa = XCBuildConfiguration;
			buildSettings = {
				COMBINE_HIDPI_IMAGES = YES;
				DEFINES_MODULE = YES;
				LD_RUNPATH_SEARCH_PATHS = (
					"$(inherited)",
					"@executable_path/../Frameworks",
				);
				PRODUCT_BUNDLE_IDENTIFIER = com.evolte.MacFanCore;
				SDKROOT = macosx;
				SKIP_INSTALL = YES;
			};
			name = Release;
		};
		AFCE00622D096BB80BF4B5A5 /* Debug */ = {
			isa = XCBuildConfiguration;
			buildSettings = {
				COMBINE_HIDPI_IMAGES = YES;
				LD_RUNPATH_SEARCH_PATHS = (
					"$(inherited)",
					"@executable_path/../Frameworks",
				);
				PRODUCT_BUNDLE_IDENTIFIER = com.evolte.CSMC;
				PRODUCT_NAME = CSMC;
				SDKROOT = macosx;
				SKIP_INSTALL = YES;
			};
			name = Debug;
		};
		E42233ACCEF5EC441A7551AE /* Release */ = {
			isa = XCBuildConfiguration;
			buildSettings = {
				COMBINE_HIDPI_IMAGES = YES;
				LD_RUNPATH_SEARCH_PATHS = (
					"$(inherited)",
					"@executable_path/../Frameworks",
				);
				PRODUCT_BUNDLE_IDENTIFIER = com.evolte.CSMC;
				PRODUCT_NAME = CSMC;
				SDKROOT = macosx;
				SKIP_INSTALL = YES;
			};
			name = Release;
		};
		F9957639D51D11A08CCDFF63 /* Release */ = {
			isa = XCBuildConfiguration;
			buildSettings = {
				ALWAYS_SEARCH_USER_PATHS = NO;
				ARCHS = arm64;
				CLANG_ANALYZER_NONNULL = YES;
				CLANG_ANALYZER_NUMBER_OBJECT_CONVERSION = YES_AGGRESSIVE;
				CLANG_CXX_LANGUAGE_STANDARD = "gnu++14";
				CLANG_CXX_LIBRARY = "libc++";
				CLANG_ENABLE_MODULES = YES;
				CLANG_ENABLE_OBJC_ARC = YES;
				CLANG_ENABLE_OBJC_WEAK = YES;
				CLANG_WARN_BLOCK_CAPTURE_AUTORELEASING = YES;
				CLANG_WARN_BOOL_CONVERSION = YES;
				CLANG_WARN_COMMA = YES;
				CLANG_WARN_CONSTANT_CONVERSION = YES;
				CLANG_WARN_DEPRECATED_OBJC_IMPLEMENTATIONS = YES;
				CLANG_WARN_DIRECT_OBJC_ISA_USAGE = YES_ERROR;
				CLANG_WARN_DOCUMENTATION_COMMENTS = YES;
				CLANG_WARN_EMPTY_BODY = YES;
				CLANG_WARN_ENUM_CONVERSION = YES;
				CLANG_WARN_INFINITE_RECURSION = YES;
				CLANG_WARN_INT_CONVERSION = YES;
				CLANG_WARN_NON_LITERAL_NULL_CONVERSION = YES;
				CLANG_WARN_OBJC_IMPLICIT_RETAIN_SELF = YES;
				CLANG_WARN_OBJC_LITERAL_CONVERSION = YES;
				CLANG_WARN_OBJC_ROOT_CLASS = YES_ERROR;
				CLANG_WARN_QUOTED_INCLUDE_IN_FRAMEWORK_HEADER = YES;
				CLANG_WARN_RANGE_LOOP_ANALYSIS = YES;
				CLANG_WARN_STRICT_PROTOTYPES = YES;
				CLANG_WARN_SUSPICIOUS_MOVE = YES;
				CLANG_WARN_UNGUARDED_AVAILABILITY = YES_AGGRESSIVE;
				CLANG_WARN_UNREACHABLE_CODE = YES;
				CLANG_WARN__DUPLICATE_METHOD_MATCH = YES;
				COPY_PHASE_STRIP = NO;
				DEAD_CODE_STRIPPING = YES;
				DEBUG_INFORMATION_FORMAT = "dwarf-with-dsym";
				ENABLE_HARDENED_RUNTIME = YES;
				ENABLE_NS_ASSERTIONS = NO;
				ENABLE_STRICT_OBJC_MSGSEND = YES;
				GCC_C_LANGUAGE_STANDARD = gnu11;
				GCC_NO_COMMON_BLOCKS = YES;
				GCC_OPTIMIZATION_LEVEL = s;
				GCC_WARN_64_TO_32_BIT_CONVERSION = YES;
				GCC_WARN_ABOUT_RETURN_TYPE = YES_ERROR;
				GCC_WARN_UNDECLARED_SELECTOR = YES;
				GCC_WARN_UNINITIALIZED_AUTOS = YES_AGGRESSIVE;
				GCC_WARN_UNUSED_FUNCTION = YES;
				GCC_WARN_UNUSED_VARIABLE = YES;
				MACOSX_DEPLOYMENT_TARGET = 13.0;
				MTL_ENABLE_DEBUG_INFO = NO;
				MTL_FAST_MATH = YES;
				PRODUCT_NAME = "$(TARGET_NAME)";
				SDKROOT = macosx;
				SWIFT_COMPILATION_MODE = wholemodule;
				SWIFT_OPTIMIZATION_LEVEL = "-Osize";
				SWIFT_STRICT_CONCURRENCY = complete;
				SWIFT_VERSION = 6.0;
			};
			name = Release;
		};
/* End XCBuildConfiguration section */

/* Begin XCConfigurationList section */
		3486640F2B33B252E8D8E1D6 /* Build configuration list for PBXNativeTarget "MacFanHelper" */ = {
			isa = XCConfigurationList;
			buildConfigurations = (
				292A9FDE2C504A780B701055 /* Debug */,
				044B361E9B50C7DEEC113A21 /* Release */,
			);
			defaultConfigurationIsVisible = 0;
			defaultConfigurationName = Debug;
		};
		7BA734E3AF4E9FCCB5D2F13E /* Build configuration list for PBXNativeTarget "MacFanCore" */ = {
			isa = XCConfigurationList;
			buildConfigurations = (
				1A476E173ECC320D7C464F6C /* Debug */,
				9BFB2DCD8986EFEF1CFF00F6 /* Release */,
			);
			defaultConfigurationIsVisible = 0;
			defaultConfigurationName = Debug;
		};
		CB895E1DC5FC0F7AC4C01B81 /* Build configuration list for PBXNativeTarget "MacFan" */ = {
			isa = XCConfigurationList;
			buildConfigurations = (
				641B451979523F5EB2AB83A8 /* Debug */,
				8C7870CD83CC82599DAF0ACC /* Release */,
			);
			defaultConfigurationIsVisible = 0;
			defaultConfigurationName = Debug;
		};
		E086B5D9C2BB1BC2DB5DACE5 /* Build configuration list for PBXNativeTarget "CSMC" */ = {
			isa = XCConfigurationList;
			buildConfigurations = (
				AFCE00622D096BB80BF4B5A5 /* Debug */,
				E42233ACCEF5EC441A7551AE /* Release */,
			);
			defaultConfigurationIsVisible = 0;
			defaultConfigurationName = Debug;
		};
		ED6DA94AB7896C5A232CDA2B /* Build configuration list for PBXProject "MacFan" */ = {
			isa = XCConfigurationList;
			buildConfigurations = (
				3B279D6C2B16A5577D65B775 /* Debug */,
				F9957639D51D11A08CCDFF63 /* Release */,
			);
			defaultConfigurationIsVisible = 0;
			defaultConfigurationName = Debug;
		};
/* End XCConfigurationList section */
	};
	rootObject = 5654300092F2A4CEA5D148E7 /* Project object */;
}
